
Microsoft Visual Studio Solution File, Format Version 12.00
# Visual Studio Version 16
VisualStudioVersion = 16.0.29403.142
MinimumVisualStudioVersion = 10.0.40219.1
Project("{FAE04EC0-301F-11D3-BF4B-00C04F79EFBC}") = "ExpressionEvaulation", "ExpressionEvaulation\ExpressionEvaulation.csproj", "{D79E6059-0D42-4FEB-977A-A146CC1236DB}"
EndProject
Project("{FAE04EC0-301F-11D3-BF4B-00C04F79EFBC}") = "ExpressionTests", "ExpressionTests\ExpressionTests.csproj", "{969B8E13-A8D7-4809-876C-0795A326D47D}"
EndProject
Global
	GlobalSection(SolutionConfigurationPlatforms) = preSolution
		Debug|Any CPU = Debug|Any CPU
		Release|Any CPU = Release|Any CPU
	EndGlobalSection
	GlobalSection(ProjectConfigurationPlatforms) = postSolution
		{D79E6059-0D42-4FEB-977A-A146CC1236DB}.Debug|Any CPU.ActiveCfg = Debug|Any CPU
		{D79E6059-0D42-4FEB-977A-A146CC1236DB}.Debug|Any CPU.Build.0 = Debug|Any CPU
		{D79E6059-0D42-4FEB-977A-A146CC1236DB}.Release|Any CPU.ActiveCfg = Release|Any CPU
		{D79E6059-0D42-4FEB-977A-A146CC1236DB}.Release|Any CPU.Build.0 = Release|Any CPU
		{969B8E13-A8D7-4809-876C-0795A326D47D}.Debug|Any CPU.ActiveCfg = Debug|Any CPU
		{969B8E13-A8D7-4809-876C-0795A326D47D}.Debug|Any CPU.Build.0 = Debug|Any CPU
		{969B8E13-A8D7-4809-876C-0795A326D47D}.Release|Any CPU.ActiveCfg = Release|Any CPU
		{969B8E13-A8D7-4809-876C-0795A326D47D}.Release|Any CPU.Build.0 = Release|Any CPU
	EndGlobalSection
	GlobalSection(SolutionProperties) = preSolution
		HideSolutionNode = FALSE
	EndGlobalSection
	GlobalSection(ExtensibilityGlobals) = postSolution
		SolutionGuid = {298F2667-AB7F-400C-97E1-37DB79B2B640}
	EndGlobalSection
EndGlobal
